{
  "nodes": {
    "flake-utils": {
      "locked": {
        "lastModified": 1596290160,
        "narHash": "sha256-QNXPeCiLKfLH6G6TtyuxZ14Zm+ZMxBaQ0Klccq+2RfM=",
        "owner": "numtide",
        "repo": "flake-utils",
        "rev": "0c686c77c4ac6f7add3262107685693ada8ae3b0",
        "type": "github"
      },
      "original": {
        "owner": "numtide",
        "repo": "flake-utils",
        "type": "github"
      }
    },
    "nixpkgs": {
      "locked": {
        "lastModified": 1596265691,
        "narHash": "sha256-9ofCzFqttTsGrvTaS4RrDSTNQO9PFOz5uyn8V+2eA5M=",
        "owner": "NixOS",
        "repo": "nixpkgs",
        "rev": "840c782d507d60aaa49aa9e3f6d0b0e780912742",
        "type": "github"
      },
      "original": {
        "owner": "NixOS",
        "ref": "nixos-unstable",
        "repo": "nixpkgs",
        "type": "github"
      }
    },
    "root": {
      "inputs": {
        "flake-utils": "flake-utils",
        "nixpkgs": "nixpkgs"
      }
    }
  },
  "root": "root",
  "version": 7
}
