{
  "nodes": {
    "flake-utils": {
      "locked": {
        "lastModified": 1596290160,
        "narHash": "sha256-QNXPeCiLKfLH6G6TtyuxZ14Zm+ZMxBaQ0Klccq+2RfM=",
        "owner": "numtide",
        "repo": "flake-utils",
        "rev": "0c686c77c4ac6f7add3262107685693ada8ae3b0",
        "type": "github"
      },
      "original": {
        "owner": "numtide",
        "repo": "flake-utils",
        "type": "github"
      }
    },
    "nixpkgs": {
      "locked": {
        "lastModified": 1597596130,
        "narHash": "sha256-CnRN6vIcPm5O+Piw9Nw+n9CFrvtXUc18Az7B6NqVgWM=",
        "owner": "NixOS",
        "repo": "nixpkgs",
        "rev": "16fc531784ac226fb268cc59ad573d2746c109c1",
        "type": "github"
      },
      "original": {
        "owner": "NixOS",
        "ref": "nixos-unstable",
        "repo": "nixpkgs",
        "type": "github"
      }
    },
    "root": {
      "inputs": {
        "flake-utils": "flake-utils",
        "nixpkgs": "nixpkgs"
      }
    }
  },
  "root": "root",
  "version": 7
}
